
Microsoft Visual Studio Solution File, Format Version 11.00
# Visual Studio 2010
Project("{FAE04EC0-301F-11D3-BF4B-00C04F79EFBC}") = "VectorLevelDesc", "VectorLevelDesc.csproj", "{BD208AC0-48BA-49CD-958C-C6E2F51908FF}"
EndProject
Global
	GlobalSection(SolutionConfigurationPlatforms) = preSolution
		Debug|Xbox 360 = Debug|Xbox 360
		Release|Xbox 360 = Release|Xbox 360
	EndGlobalSection
	GlobalSection(ProjectConfigurationPlatforms) = postSolution
		{BD208AC0-48BA-49CD-958C-C6E2F51908FF}.Debug|Xbox 360.ActiveCfg = Debug|Xbox 360
		{BD208AC0-48BA-49CD-958C-C6E2F51908FF}.Debug|Xbox 360.Build.0 = Debug|Xbox 360
		{BD208AC0-48BA-49CD-958C-C6E2F51908FF}.Release|Xbox 360.ActiveCfg = Release|Xbox 360
		{BD208AC0-48BA-49CD-958C-C6E2F51908FF}.Release|Xbox 360.Build.0 = Release|Xbox 360
	EndGlobalSection
	GlobalSection(SolutionProperties) = preSolution
		HideSolutionNode = FALSE
	EndGlobalSection
EndGlobal
